
Microsoft Visual Studio Solution File, Format Version 12.00
# Visual Studio 15
VisualStudioVersion = 15.0.27703.2042
MinimumVisualStudioVersion = 10.0.40219.1
Project("{8BC9CEB8-8B4A-11D0-8D11-00A0C91BC942}") = "App", "App\App.vcxproj", "{B603B6E6-5499-429F-BD88-083347B5D745}"
EndProject
Project("{8BC9CEB8-8B4A-11D0-8D11-00A0C91BC942}") = "Math", "..\Math\Math.vcxproj", "{E6D9A99E-B33F-42FE-B22E-B9319BC6C795}"
EndProject
Project("{8BC9CEB8-8B4A-11D0-8D11-00A0C91BC942}") = "FBXConverter", "..\FBXConverter\FBXConverter\FBXConverter.vcxproj", "{EC33B6E8-E35A-4263-8CA5-529A6FFB45E5}"
EndProject
Project("{8BC9CEB8-8B4A-11D0-8D11-00A0C91BC942}") = "LightnLibrary", "..\LightnLibrary\LightnLibrary\LightnLibrary.vcxproj", "{49FF0BAB-5AB6-46EF-A442-4D1878DE9E88}"
EndProject
Global
	GlobalSection(SolutionConfigurationPlatforms) = preSolution
		Debug|x64 = Debug|x64
		Release|x64 = Release|x64
	EndGlobalSection
	GlobalSection(ProjectConfigurationPlatforms) = postSolution
		{B603B6E6-5499-429F-BD88-083347B5D745}.Debug|x64.ActiveCfg = Debug|x64
		{B603B6E6-5499-429F-BD88-083347B5D745}.Debug|x64.Build.0 = Debug|x64
		{B603B6E6-5499-429F-BD88-083347B5D745}.Release|x64.ActiveCfg = Release|x64
		{B603B6E6-5499-429F-BD88-083347B5D745}.Release|x64.Build.0 = Release|x64
		{E6D9A99E-B33F-42FE-B22E-B9319BC6C795}.Debug|x64.ActiveCfg = Debug|x64
		{E6D9A99E-B33F-42FE-B22E-B9319BC6C795}.Debug|x64.Build.0 = Debug|x64
		{E6D9A99E-B33F-42FE-B22E-B9319BC6C795}.Release|x64.ActiveCfg = Release|x64
		{E6D9A99E-B33F-42FE-B22E-B9319BC6C795}.Release|x64.Build.0 = Release|x64
		{EC33B6E8-E35A-4263-8CA5-529A6FFB45E5}.Debug|x64.ActiveCfg = Debug|x64
		{EC33B6E8-E35A-4263-8CA5-529A6FFB45E5}.Debug|x64.Build.0 = Debug|x64
		{EC33B6E8-E35A-4263-8CA5-529A6FFB45E5}.Release|x64.ActiveCfg = Release|x64
		{EC33B6E8-E35A-4263-8CA5-529A6FFB45E5}.Release|x64.Build.0 = Release|x64
		{49FF0BAB-5AB6-46EF-A442-4D1878DE9E88}.Debug|x64.ActiveCfg = Debug|x64
		{49FF0BAB-5AB6-46EF-A442-4D1878DE9E88}.Debug|x64.Build.0 = Debug|x64
		{49FF0BAB-5AB6-46EF-A442-4D1878DE9E88}.Release|x64.ActiveCfg = Release|x64
		{49FF0BAB-5AB6-46EF-A442-4D1878DE9E88}.Release|x64.Build.0 = Release|x64
	EndGlobalSection
	GlobalSection(SolutionProperties) = preSolution
		HideSolutionNode = FALSE
	EndGlobalSection
	GlobalSection(ExtensibilityGlobals) = postSolution
		SolutionGuid = {093F3788-43C7-46C6-ABEB-71EE06599064}
	EndGlobalSection
EndGlobal
