
Microsoft Visual Studio Solution File, Format Version 12.00
# Visual Studio Version 16
VisualStudioVersion = 16.0.30011.22
MinimumVisualStudioVersion = 10.0.40219.1
Project("{8BC9CEB8-8B4A-11D0-8D11-00A0C91BC942}") = "LightnEngineDemo", "LightnEngineDemo\LightnEngineDemo.vcxproj", "{F319B257-A3FD-40AB-9593-CA514E98CD70}"
	ProjectSection(ProjectDependencies) = postProject
		{4ED65218-D4E9-41DA-B4D7-45DE8DC2F4EA} = {4ED65218-D4E9-41DA-B4D7-45DE8DC2F4EA}
		{00509D1A-93D2-4DEF-8403-F3FA66FF496D} = {00509D1A-93D2-4DEF-8403-F3FA66FF496D}
		{29B84F23-9F6C-457F-8A22-E6CEB5455088} = {29B84F23-9F6C-457F-8A22-E6CEB5455088}
		{661CA654-AB4A-45D7-A104-3D6732CC79FC} = {661CA654-AB4A-45D7-A104-3D6732CC79FC}
		{4C103068-1A41-4C5A-BA17-3658B12D025C} = {4C103068-1A41-4C5A-BA17-3658B12D025C}
		{2694F77B-5D56-43F7-8F2D-37B776348F3F} = {2694F77B-5D56-43F7-8F2D-37B776348F3F}
		{463107B4-8CC8-4F67-9C43-1E96AD3C00F5} = {463107B4-8CC8-4F67-9C43-1E96AD3C00F5}
		{588C73D4-636C-4EFF-8D16-B215F84627C9} = {588C73D4-636C-4EFF-8D16-B215F84627C9}
		{D30405FE-DFF9-486D-806D-C1013B384D75} = {D30405FE-DFF9-486D-806D-C1013B384D75}
	EndProjectSection
EndProject
Project("{8BC9CEB8-8B4A-11D0-8D11-00A0C91BC942}") = "GfxCore", "GfxCore\GfxCore.vcxproj", "{588C73D4-636C-4EFF-8D16-B215F84627C9}"
	ProjectSection(ProjectDependencies) = postProject
		{29B84F23-9F6C-457F-8A22-E6CEB5455088} = {29B84F23-9F6C-457F-8A22-E6CEB5455088}
		{661CA654-AB4A-45D7-A104-3D6732CC79FC} = {661CA654-AB4A-45D7-A104-3D6732CC79FC}
	EndProjectSection
EndProject
Project("{8BC9CEB8-8B4A-11D0-8D11-00A0C91BC942}") = "D3D12Graphics", "D3D12Graphics\D3D12Graphics.vcxproj", "{661CA654-AB4A-45D7-A104-3D6732CC79FC}"
	ProjectSection(ProjectDependencies) = postProject
		{29B84F23-9F6C-457F-8A22-E6CEB5455088} = {29B84F23-9F6C-457F-8A22-E6CEB5455088}
	EndProjectSection
EndProject
Project("{8BC9CEB8-8B4A-11D0-8D11-00A0C91BC942}") = "Core", "Core\Core.vcxproj", "{29B84F23-9F6C-457F-8A22-E6CEB5455088}"
EndProject
Project("{8BC9CEB8-8B4A-11D0-8D11-00A0C91BC942}") = "Win64Application", "Win64Application\Win64Application.vcxproj", "{00509D1A-93D2-4DEF-8403-F3FA66FF496D}"
	ProjectSection(ProjectDependencies) = postProject
		{29B84F23-9F6C-457F-8A22-E6CEB5455088} = {29B84F23-9F6C-457F-8A22-E6CEB5455088}
	EndProjectSection
EndProject
Project("{8BC9CEB8-8B4A-11D0-8D11-00A0C91BC942}") = "MeshRenderer", "MeshRenderer\MeshRenderer.vcxproj", "{4ED65218-D4E9-41DA-B4D7-45DE8DC2F4EA}"
	ProjectSection(ProjectDependencies) = postProject
		{29B84F23-9F6C-457F-8A22-E6CEB5455088} = {29B84F23-9F6C-457F-8A22-E6CEB5455088}
		{661CA654-AB4A-45D7-A104-3D6732CC79FC} = {661CA654-AB4A-45D7-A104-3D6732CC79FC}
		{4C103068-1A41-4C5A-BA17-3658B12D025C} = {4C103068-1A41-4C5A-BA17-3658B12D025C}
		{2694F77B-5D56-43F7-8F2D-37B776348F3F} = {2694F77B-5D56-43F7-8F2D-37B776348F3F}
		{463107B4-8CC8-4F67-9C43-1E96AD3C00F5} = {463107B4-8CC8-4F67-9C43-1E96AD3C00F5}
		{588C73D4-636C-4EFF-8D16-B215F84627C9} = {588C73D4-636C-4EFF-8D16-B215F84627C9}
	EndProjectSection
EndProject
Project("{8BC9CEB8-8B4A-11D0-8D11-00A0C91BC942}") = "GfxFramework", "GfxFramework\GfxFramework.vcxproj", "{D30405FE-DFF9-486D-806D-C1013B384D75}"
	ProjectSection(ProjectDependencies) = postProject
		{4ED65218-D4E9-41DA-B4D7-45DE8DC2F4EA} = {4ED65218-D4E9-41DA-B4D7-45DE8DC2F4EA}
		{29B84F23-9F6C-457F-8A22-E6CEB5455088} = {29B84F23-9F6C-457F-8A22-E6CEB5455088}
		{661CA654-AB4A-45D7-A104-3D6732CC79FC} = {661CA654-AB4A-45D7-A104-3D6732CC79FC}
		{4C103068-1A41-4C5A-BA17-3658B12D025C} = {4C103068-1A41-4C5A-BA17-3658B12D025C}
		{2694F77B-5D56-43F7-8F2D-37B776348F3F} = {2694F77B-5D56-43F7-8F2D-37B776348F3F}
		{463107B4-8CC8-4F67-9C43-1E96AD3C00F5} = {463107B4-8CC8-4F67-9C43-1E96AD3C00F5}
		{588C73D4-636C-4EFF-8D16-B215F84627C9} = {588C73D4-636C-4EFF-8D16-B215F84627C9}
	EndProjectSection
EndProject
Project("{8BC9CEB8-8B4A-11D0-8D11-00A0C91BC942}") = "DebugRenderer", "DebugRenderer\DebugRenderer.vcxproj", "{4C103068-1A41-4C5A-BA17-3658B12D025C}"
	ProjectSection(ProjectDependencies) = postProject
		{29B84F23-9F6C-457F-8A22-E6CEB5455088} = {29B84F23-9F6C-457F-8A22-E6CEB5455088}
		{661CA654-AB4A-45D7-A104-3D6732CC79FC} = {661CA654-AB4A-45D7-A104-3D6732CC79FC}
		{588C73D4-636C-4EFF-8D16-B215F84627C9} = {588C73D4-636C-4EFF-8D16-B215F84627C9}
	EndProjectSection
EndProject
Project("{8BC9CEB8-8B4A-11D0-8D11-00A0C91BC942}") = "MaterialSystem", "MaterialSystem\MaterialSystem.vcxproj", "{463107B4-8CC8-4F67-9C43-1E96AD3C00F5}"
	ProjectSection(ProjectDependencies) = postProject
		{29B84F23-9F6C-457F-8A22-E6CEB5455088} = {29B84F23-9F6C-457F-8A22-E6CEB5455088}
		{661CA654-AB4A-45D7-A104-3D6732CC79FC} = {661CA654-AB4A-45D7-A104-3D6732CC79FC}
		{4C103068-1A41-4C5A-BA17-3658B12D025C} = {4C103068-1A41-4C5A-BA17-3658B12D025C}
		{2694F77B-5D56-43F7-8F2D-37B776348F3F} = {2694F77B-5D56-43F7-8F2D-37B776348F3F}
		{588C73D4-636C-4EFF-8D16-B215F84627C9} = {588C73D4-636C-4EFF-8D16-B215F84627C9}
	EndProjectSection
EndProject
Project("{8BC9CEB8-8B4A-11D0-8D11-00A0C91BC942}") = "TextureSystem", "TextureSystem\TextureSystem.vcxproj", "{2694F77B-5D56-43F7-8F2D-37B776348F3F}"
	ProjectSection(ProjectDependencies) = postProject
		{29B84F23-9F6C-457F-8A22-E6CEB5455088} = {29B84F23-9F6C-457F-8A22-E6CEB5455088}
		{661CA654-AB4A-45D7-A104-3D6732CC79FC} = {661CA654-AB4A-45D7-A104-3D6732CC79FC}
		{4C103068-1A41-4C5A-BA17-3658B12D025C} = {4C103068-1A41-4C5A-BA17-3658B12D025C}
		{588C73D4-636C-4EFF-8D16-B215F84627C9} = {588C73D4-636C-4EFF-8D16-B215F84627C9}
	EndProjectSection
EndProject
Project("{2150E333-8FDC-42A3-9474-1A3956D46DE8}") = "Solution Items", "Solution Items", "{17A42AC2-5E8C-407F-9287-5D598AAEDC91}"
	ProjectSection(SolutionItems) = preProject
		System.natvis = System.natvis
	EndProjectSection
EndProject
Global
	GlobalSection(SolutionConfigurationPlatforms) = preSolution
		Debug|x64 = Debug|x64
		Debug|x86 = Debug|x86
		Release|x64 = Release|x64
		Release|x86 = Release|x86
	EndGlobalSection
	GlobalSection(ProjectConfigurationPlatforms) = postSolution
		{F319B257-A3FD-40AB-9593-CA514E98CD70}.Debug|x64.ActiveCfg = Debug|x64
		{F319B257-A3FD-40AB-9593-CA514E98CD70}.Debug|x64.Build.0 = Debug|x64
		{F319B257-A3FD-40AB-9593-CA514E98CD70}.Debug|x86.ActiveCfg = Debug|Win32
		{F319B257-A3FD-40AB-9593-CA514E98CD70}.Debug|x86.Build.0 = Debug|Win32
		{F319B257-A3FD-40AB-9593-CA514E98CD70}.Release|x64.ActiveCfg = Release|x64
		{F319B257-A3FD-40AB-9593-CA514E98CD70}.Release|x64.Build.0 = Release|x64
		{F319B257-A3FD-40AB-9593-CA514E98CD70}.Release|x86.ActiveCfg = Release|Win32
		{F319B257-A3FD-40AB-9593-CA514E98CD70}.Release|x86.Build.0 = Release|Win32
		{588C73D4-636C-4EFF-8D16-B215F84627C9}.Debug|x64.ActiveCfg = Debug|x64
		{588C73D4-636C-4EFF-8D16-B215F84627C9}.Debug|x64.Build.0 = Debug|x64
		{588C73D4-636C-4EFF-8D16-B215F84627C9}.Debug|x86.ActiveCfg = Debug|Win32
		{588C73D4-636C-4EFF-8D16-B215F84627C9}.Debug|x86.Build.0 = Debug|Win32
		{588C73D4-636C-4EFF-8D16-B215F84627C9}.Release|x64.ActiveCfg = Release|x64
		{588C73D4-636C-4EFF-8D16-B215F84627C9}.Release|x64.Build.0 = Release|x64
		{588C73D4-636C-4EFF-8D16-B215F84627C9}.Release|x86.ActiveCfg = Release|Win32
		{588C73D4-636C-4EFF-8D16-B215F84627C9}.Release|x86.Build.0 = Release|Win32
		{661CA654-AB4A-45D7-A104-3D6732CC79FC}.Debug|x64.ActiveCfg = Debug|x64
		{661CA654-AB4A-45D7-A104-3D6732CC79FC}.Debug|x64.Build.0 = Debug|x64
		{661CA654-AB4A-45D7-A104-3D6732CC79FC}.Debug|x86.ActiveCfg = Debug|Win32
		{661CA654-AB4A-45D7-A104-3D6732CC79FC}.Debug|x86.Build.0 = Debug|Win32
		{661CA654-AB4A-45D7-A104-3D6732CC79FC}.Release|x64.ActiveCfg = Release|x64
		{661CA654-AB4A-45D7-A104-3D6732CC79FC}.Release|x64.Build.0 = Release|x64
		{661CA654-AB4A-45D7-A104-3D6732CC79FC}.Release|x86.ActiveCfg = Release|Win32
		{661CA654-AB4A-45D7-A104-3D6732CC79FC}.Release|x86.Build.0 = Release|Win32
		{29B84F23-9F6C-457F-8A22-E6CEB5455088}.Debug|x64.ActiveCfg = Debug|x64
		{29B84F23-9F6C-457F-8A22-E6CEB5455088}.Debug|x64.Build.0 = Debug|x64
		{29B84F23-9F6C-457F-8A22-E6CEB5455088}.Debug|x86.ActiveCfg = Debug|Win32
		{29B84F23-9F6C-457F-8A22-E6CEB5455088}.Debug|x86.Build.0 = Debug|Win32
		{29B84F23-9F6C-457F-8A22-E6CEB5455088}.Release|x64.ActiveCfg = Release|x64
		{29B84F23-9F6C-457F-8A22-E6CEB5455088}.Release|x64.Build.0 = Release|x64
		{29B84F23-9F6C-457F-8A22-E6CEB5455088}.Release|x86.ActiveCfg = Release|Win32
		{29B84F23-9F6C-457F-8A22-E6CEB5455088}.Release|x86.Build.0 = Release|Win32
		{00509D1A-93D2-4DEF-8403-F3FA66FF496D}.Debug|x64.ActiveCfg = Debug|x64
		{00509D1A-93D2-4DEF-8403-F3FA66FF496D}.Debug|x64.Build.0 = Debug|x64
		{00509D1A-93D2-4DEF-8403-F3FA66FF496D}.Debug|x86.ActiveCfg = Debug|Win32
		{00509D1A-93D2-4DEF-8403-F3FA66FF496D}.Debug|x86.Build.0 = Debug|Win32
		{00509D1A-93D2-4DEF-8403-F3FA66FF496D}.Release|x64.ActiveCfg = Release|x64
		{00509D1A-93D2-4DEF-8403-F3FA66FF496D}.Release|x64.Build.0 = Release|x64
		{00509D1A-93D2-4DEF-8403-F3FA66FF496D}.Release|x86.ActiveCfg = Release|Win32
		{00509D1A-93D2-4DEF-8403-F3FA66FF496D}.Release|x86.Build.0 = Release|Win32
		{4ED65218-D4E9-41DA-B4D7-45DE8DC2F4EA}.Debug|x64.ActiveCfg = Debug|x64
		{4ED65218-D4E9-41DA-B4D7-45DE8DC2F4EA}.Debug|x64.Build.0 = Debug|x64
		{4ED65218-D4E9-41DA-B4D7-45DE8DC2F4EA}.Debug|x86.ActiveCfg = Debug|Win32
		{4ED65218-D4E9-41DA-B4D7-45DE8DC2F4EA}.Debug|x86.Build.0 = Debug|Win32
		{4ED65218-D4E9-41DA-B4D7-45DE8DC2F4EA}.Release|x64.ActiveCfg = Release|x64
		{4ED65218-D4E9-41DA-B4D7-45DE8DC2F4EA}.Release|x64.Build.0 = Release|x64
		{4ED65218-D4E9-41DA-B4D7-45DE8DC2F4EA}.Release|x86.ActiveCfg = Release|Win32
		{4ED65218-D4E9-41DA-B4D7-45DE8DC2F4EA}.Release|x86.Build.0 = Release|Win32
		{D30405FE-DFF9-486D-806D-C1013B384D75}.Debug|x64.ActiveCfg = Debug|x64
		{D30405FE-DFF9-486D-806D-C1013B384D75}.Debug|x64.Build.0 = Debug|x64
		{D30405FE-DFF9-486D-806D-C1013B384D75}.Debug|x86.ActiveCfg = Debug|Win32
		{D30405FE-DFF9-486D-806D-C1013B384D75}.Debug|x86.Build.0 = Debug|Win32
		{D30405FE-DFF9-486D-806D-C1013B384D75}.Release|x64.ActiveCfg = Release|x64
		{D30405FE-DFF9-486D-806D-C1013B384D75}.Release|x64.Build.0 = Release|x64
		{D30405FE-DFF9-486D-806D-C1013B384D75}.Release|x86.ActiveCfg = Release|Win32
		{D30405FE-DFF9-486D-806D-C1013B384D75}.Release|x86.Build.0 = Release|Win32
		{4C103068-1A41-4C5A-BA17-3658B12D025C}.Debug|x64.ActiveCfg = Debug|x64
		{4C103068-1A41-4C5A-BA17-3658B12D025C}.Debug|x64.Build.0 = Debug|x64
		{4C103068-1A41-4C5A-BA17-3658B12D025C}.Debug|x86.ActiveCfg = Debug|Win32
		{4C103068-1A41-4C5A-BA17-3658B12D025C}.Debug|x86.Build.0 = Debug|Win32
		{4C103068-1A41-4C5A-BA17-3658B12D025C}.Release|x64.ActiveCfg = Release|x64
		{4C103068-1A41-4C5A-BA17-3658B12D025C}.Release|x64.Build.0 = Release|x64
		{4C103068-1A41-4C5A-BA17-3658B12D025C}.Release|x86.ActiveCfg = Release|Win32
		{4C103068-1A41-4C5A-BA17-3658B12D025C}.Release|x86.Build.0 = Release|Win32
		{463107B4-8CC8-4F67-9C43-1E96AD3C00F5}.Debug|x64.ActiveCfg = Debug|x64
		{463107B4-8CC8-4F67-9C43-1E96AD3C00F5}.Debug|x64.Build.0 = Debug|x64
		{463107B4-8CC8-4F67-9C43-1E96AD3C00F5}.Debug|x86.ActiveCfg = Debug|Win32
		{463107B4-8CC8-4F67-9C43-1E96AD3C00F5}.Debug|x86.Build.0 = Debug|Win32
		{463107B4-8CC8-4F67-9C43-1E96AD3C00F5}.Release|x64.ActiveCfg = Release|x64
		{463107B4-8CC8-4F67-9C43-1E96AD3C00F5}.Release|x64.Build.0 = Release|x64
		{463107B4-8CC8-4F67-9C43-1E96AD3C00F5}.Release|x86.ActiveCfg = Release|Win32
		{463107B4-8CC8-4F67-9C43-1E96AD3C00F5}.Release|x86.Build.0 = Release|Win32
		{2694F77B-5D56-43F7-8F2D-37B776348F3F}.Debug|x64.ActiveCfg = Debug|x64
		{2694F77B-5D56-43F7-8F2D-37B776348F3F}.Debug|x64.Build.0 = Debug|x64
		{2694F77B-5D56-43F7-8F2D-37B776348F3F}.Debug|x86.ActiveCfg = Debug|Win32
		{2694F77B-5D56-43F7-8F2D-37B776348F3F}.Debug|x86.Build.0 = Debug|Win32
		{2694F77B-5D56-43F7-8F2D-37B776348F3F}.Release|x64.ActiveCfg = Release|x64
		{2694F77B-5D56-43F7-8F2D-37B776348F3F}.Release|x64.Build.0 = Release|x64
		{2694F77B-5D56-43F7-8F2D-37B776348F3F}.Release|x86.ActiveCfg = Release|Win32
		{2694F77B-5D56-43F7-8F2D-37B776348F3F}.Release|x86.Build.0 = Release|Win32
	EndGlobalSection
	GlobalSection(SolutionProperties) = preSolution
		HideSolutionNode = FALSE
	EndGlobalSection
	GlobalSection(ExtensibilityGlobals) = postSolution
		SolutionGuid = {2218CE04-89F2-4C09-8CC4-8E1498D8BCCF}
	EndGlobalSection
EndGlobal
