<?xml version="1.0" encoding="utf-8"?>
<Project ToolsVersion="4.0" xmlns="http://schemas.microsoft.com/developer/msbuild/2003">
  <ItemGroup>
    <Filter Include="ソース ファイル">
      <UniqueIdentifier>{4FC737F1-C7A5-4376-A066-2A32D752A2FF}</UniqueIdentifier>
      <Extensions>cpp;c;cc;cxx;def;odl;idl;hpj;bat;asm;asmx</Extensions>
    </Filter>
    <Filter Include="ヘッダー ファイル">
      <UniqueIdentifier>{93995380-89BD-4b04-88EB-625FBE52EBFB}</UniqueIdentifier>
      <Extensions>h;hh;hpp;hxx;hm;inl;inc;xsd</Extensions>
    </Filter>
    <Filter Include="リソース ファイル">
      <UniqueIdentifier>{67DA6AB6-F800-4c08-8B7A-83BB121AAD01}</UniqueIdentifier>
      <Extensions>rc;ico;cur;bmp;dlg;rc2;rct;bin;rgs;gif;jpg;jpeg;jpe;resx;tiff;tif;png;wav;mfcribbon-ms</Extensions>
    </Filter>
    <Filter Include="ソース ファイル\Actor">
      <UniqueIdentifier>{d8a22081-b98f-4546-9e5e-b8597fe77fdb}</UniqueIdentifier>
    </Filter>
    <Filter Include="ソース ファイル\Animation">
      <UniqueIdentifier>{0b4d49c9-aad9-4b60-b167-5f5e2e4a7dd9}</UniqueIdentifier>
    </Filter>
    <Filter Include="ソース ファイル\Components">
      <UniqueIdentifier>{5d108863-78a1-4ba7-9045-2a38fb3ebdd2}</UniqueIdentifier>
    </Filter>
    <Filter Include="ソース ファイル\Loader">
      <UniqueIdentifier>{940581c6-04cf-452e-8d09-062af8db88e1}</UniqueIdentifier>
    </Filter>
    <Filter Include="ソース ファイル\Renderer">
      <UniqueIdentifier>{6d016ba4-07e6-4d4b-847c-2c8fe5a247db}</UniqueIdentifier>
    </Filter>
    <Filter Include="ソース ファイル\Renderer\Mesh">
      <UniqueIdentifier>{2afd67e7-c3d3-445a-970a-1cb310fbfb88}</UniqueIdentifier>
    </Filter>
    <Filter Include="ソース ファイル\Util">
      <UniqueIdentifier>{271f44a5-299c-414f-921d-4e4bf0ef7c62}</UniqueIdentifier>
    </Filter>
    <Filter Include="ヘッダー ファイル\Util">
      <UniqueIdentifier>{3a0eb02a-f4fa-49f9-95c8-552a7762b881}</UniqueIdentifier>
    </Filter>
    <Filter Include="ヘッダー ファイル\Renderer">
      <UniqueIdentifier>{1a2493a1-4388-4d92-969d-06c8bc81028e}</UniqueIdentifier>
    </Filter>
    <Filter Include="ヘッダー ファイル\Renderer\Mesh">
      <UniqueIdentifier>{5c67bbb7-e285-4b63-a8a0-bf9bab420e0b}</UniqueIdentifier>
    </Filter>
    <Filter Include="ヘッダー ファイル\Components">
      <UniqueIdentifier>{d9826c53-2caa-4dba-8a03-b15348638fa6}</UniqueIdentifier>
    </Filter>
    <Filter Include="ヘッダー ファイル\Loader">
      <UniqueIdentifier>{c72e2118-62ea-465d-b78b-53fb15c77714}</UniqueIdentifier>
    </Filter>
    <Filter Include="ヘッダー ファイル\Actor">
      <UniqueIdentifier>{8f2c3d23-ce57-4a63-b3e0-aa9fead6f7e0}</UniqueIdentifier>
    </Filter>
    <Filter Include="ヘッダー ファイル\Animation">
      <UniqueIdentifier>{7b295b7d-de41-4256-b3dd-96cc5738fdcf}</UniqueIdentifier>
    </Filter>
    <Filter Include="ソース ファイル\Task">
      <UniqueIdentifier>{f64a4dfa-1d77-4f71-8868-2975d4538a32}</UniqueIdentifier>
    </Filter>
    <Filter Include="ソース ファイル\Scene">
      <UniqueIdentifier>{1d523079-7b75-4071-a8bd-87b5b8c372b2}</UniqueIdentifier>
    </Filter>
    <Filter Include="ヘッダー ファイル\Task">
      <UniqueIdentifier>{94366df7-da93-4a4b-b79e-6120ceb6f8f1}</UniqueIdentifier>
    </Filter>
    <Filter Include="ヘッダー ファイル\Scene">
      <UniqueIdentifier>{a27fdbe8-9946-44d2-89fc-bbd755e37198}</UniqueIdentifier>
    </Filter>
    <Filter Include="ソース ファイル\ThirdParty">
      <UniqueIdentifier>{809ca5bc-fc73-4739-8553-07ce6dbc1143}</UniqueIdentifier>
    </Filter>
    <Filter Include="ヘッダー ファイル\ThirdParty">
      <UniqueIdentifier>{29ea77d8-db00-4fb7-9a2e-20742527dd8a}</UniqueIdentifier>
    </Filter>
    <Filter Include="ソース ファイル\ThirdParty\ImGui">
      <UniqueIdentifier>{9e76f269-2840-44ae-ba4c-8f2d7327cfd7}</UniqueIdentifier>
    </Filter>
    <Filter Include="ヘッダー ファイル\ThirdParty\ImGui">
      <UniqueIdentifier>{60eab168-cbb7-44fa-97b8-27353a2da6c8}</UniqueIdentifier>
    </Filter>
    <Filter Include="ソース ファイル\Renderer\Light">
      <UniqueIdentifier>{8b9191b5-aa03-44c5-94ef-445549367461}</UniqueIdentifier>
    </Filter>
    <Filter Include="ヘッダー ファイル\Renderer\Light">
      <UniqueIdentifier>{c45ad576-ebfa-49c2-a482-edf7baa7a300}</UniqueIdentifier>
    </Filter>
    <Filter Include="ヘッダー ファイル\Collider">
      <UniqueIdentifier>{376e6aba-ce13-4f12-ac72-b08c23f67151}</UniqueIdentifier>
    </Filter>
    <Filter Include="ソース ファイル\Collider">
      <UniqueIdentifier>{573b664a-d6ea-42a5-9354-76e4713a888b}</UniqueIdentifier>
    </Filter>
    <Filter Include="リソース ファイル\Compute">
      <UniqueIdentifier>{2a54615e-bd83-4fb1-b55a-1cb37abafda3}</UniqueIdentifier>
    </Filter>
    <Filter Include="リソース ファイル\Vertex">
      <UniqueIdentifier>{eda42031-65c2-4002-b455-b7b00d4d64f2}</UniqueIdentifier>
    </Filter>
    <Filter Include="リソース ファイル\Pixel">
      <UniqueIdentifier>{e2a4415d-d5b2-46d6-a32e-5b566fa81fc7}</UniqueIdentifier>
    </Filter>
  </ItemGroup>
  <ItemGroup>
    <FxCompile Include="Shader\Source\Compute\CreateGpuInstanceList.hlsl">
      <Filter>リソース ファイル\Compute</Filter>
    </FxCompile>
    <FxCompile Include="Shader\Source\Compute\GPUCulling.hlsl">
      <Filter>リソース ファイル\Compute</Filter>
    </FxCompile>
    <FxCompile Include="Shader\Source\Vertex\DebugGeometry_vs.hlsl">
      <Filter>リソース ファイル\Vertex</Filter>
    </FxCompile>
    <FxCompile Include="Shader\Source\Vertex\DeferredLight_vs.hlsl">
      <Filter>リソース ファイル\Vertex</Filter>
    </FxCompile>
    <FxCompile Include="Shader\Source\Vertex\Geometry_SK_vs.hlsl">
      <Filter>リソース ファイル\Vertex</Filter>
    </FxCompile>
    <FxCompile Include="Shader\Source\Vertex\Geometry_SM_vs.hlsl">
      <Filter>リソース ファイル\Vertex</Filter>
    </FxCompile>
    <FxCompile Include="Shader\Source\Vertex\Skybox_vs.hlsl">
      <Filter>リソース ファイル\Vertex</Filter>
    </FxCompile>
    <FxCompile Include="Shader\Source\Vertex\GPU_Driven_Instance_SM_vs.hlsl">
      <Filter>リソース ファイル\Vertex</Filter>
    </FxCompile>
    <FxCompile Include="Shader\Source\Pixel\DebugGeometry_ps.hlsl">
      <Filter>リソース ファイル\Pixel</Filter>
    </FxCompile>
    <FxCompile Include="Shader\Source\Pixel\DeferredDirectionalLight_ps.hlsl">
      <Filter>リソース ファイル\Pixel</Filter>
    </FxCompile>
    <FxCompile Include="Shader\Source\Pixel\DeferredGeometry_ps.hlsl">
      <Filter>リソース ファイル\Pixel</Filter>
    </FxCompile>
    <FxCompile Include="Shader\Source\Pixel\DeferredPointLight_ps.hlsl">
      <Filter>リソース ファイル\Pixel</Filter>
    </FxCompile>
    <FxCompile Include="Shader\Source\Pixel\DeferredSkyLight_ps.hlsl">
      <Filter>リソース ファイル\Pixel</Filter>
    </FxCompile>
    <FxCompile Include="Shader\Source\Pixel\DeferredSpotLight_ps.hlsl">
      <Filter>リソース ファイル\Pixel</Filter>
    </FxCompile>
    <FxCompile Include="Shader\Source\Pixel\Depth_ps.hlsl">
      <Filter>リソース ファイル\Pixel</Filter>
    </FxCompile>
    <FxCompile Include="Shader\Source\Pixel\ShaderPBR_ps.hlsl">
      <Filter>リソース ファイル\Pixel</Filter>
    </FxCompile>
    <FxCompile Include="Shader\Source\Pixel\SkyBox_ps.hlsl">
      <Filter>リソース ファイル\Pixel</Filter>
    </FxCompile>
    <FxCompile Include="Shader\Source\Compute\CoputeDeferredTile.hlsl">
      <Filter>リソース ファイル\Compute</Filter>
    </FxCompile>
  </ItemGroup>
  <ItemGroup>
    <ClCompile Include="Engine\Actor\Actor.cpp">
      <Filter>ソース ファイル\Actor</Filter>
    </ClCompile>
    <ClCompile Include="Engine\Actor\SkeletalMeshActor.cpp">
      <Filter>ソース ファイル\Actor</Filter>
    </ClCompile>
    <ClCompile Include="Engine\Actor\SkyboxActor.cpp">
      <Filter>ソース ファイル\Actor</Filter>
    </ClCompile>
    <ClCompile Include="Engine\Actor\StaticMeshActor.cpp">
      <Filter>ソース ファイル\Actor</Filter>
    </ClCompile>
    <ClCompile Include="Engine\Animation\SkeltalAnimation.cpp">
      <Filter>ソース ファイル\Animation</Filter>
    </ClCompile>
    <ClCompile Include="Engine\Animation\AnimationController.cpp">
      <Filter>ソース ファイル\Animation</Filter>
    </ClCompile>
    <ClCompile Include="Engine\Animation\AnimationManager.cpp">
      <Filter>ソース ファイル\Animation</Filter>
    </ClCompile>
    <ClCompile Include="Engine\Components\StaticMeshComponent.cpp">
      <Filter>ソース ファイル\Components</Filter>
    </ClCompile>
    <ClCompile Include="Engine\Components\AnimationControllerComponenth.cpp">
      <Filter>ソース ファイル\Components</Filter>
    </ClCompile>
    <ClCompile Include="Engine\Components\Component.cpp">
      <Filter>ソース ファイル\Components</Filter>
    </ClCompile>
    <ClCompile Include="Engine\Components\SkeletalMeshComponent.cpp">
      <Filter>ソース ファイル\Components</Filter>
    </ClCompile>
    <ClCompile Include="Engine\Loader\MeshLoader.cpp">
      <Filter>ソース ファイル\Loader</Filter>
    </ClCompile>
    <ClCompile Include="Engine\Renderer\GameRenderer.cpp">
      <Filter>ソース ファイル\Renderer</Filter>
    </ClCompile>
    <ClCompile Include="Engine\Renderer\GraphicsResourceManager.cpp">
      <Filter>ソース ファイル\Renderer</Filter>
    </ClCompile>
    <ClCompile Include="Engine\Renderer\RendererSettings.cpp">
      <Filter>ソース ファイル\Renderer</Filter>
    </ClCompile>
    <ClCompile Include="Engine\Renderer\RendererUtil.cpp">
      <Filter>ソース ファイル\Renderer</Filter>
    </ClCompile>
    <ClCompile Include="Engine\Renderer\SceneRendererManager.cpp">
      <Filter>ソース ファイル\Renderer</Filter>
    </ClCompile>
    <ClCompile Include="Engine\Renderer\Mesh\SkeletalMesh.cpp">
      <Filter>ソース ファイル\Renderer\Mesh</Filter>
    </ClCompile>
    <ClCompile Include="Engine\Renderer\Mesh\StaticMesh.cpp">
      <Filter>ソース ファイル\Renderer\Mesh</Filter>
    </ClCompile>
    <ClCompile Include="Engine\Util\Input.cpp">
      <Filter>ソース ファイル\Util</Filter>
    </ClCompile>
    <ClCompile Include="main.cpp">
      <Filter>ソース ファイル</Filter>
    </ClCompile>
    <ClCompile Include="Engine\Task\GameTask.cpp">
      <Filter>ソース ファイル\Task</Filter>
    </ClCompile>
    <ClCompile Include="Engine\Task\GameTaskManager.cpp">
      <Filter>ソース ファイル\Task</Filter>
    </ClCompile>
    <ClCompile Include="Engine\Scene\Scene.cpp">
      <Filter>ソース ファイル\Scene</Filter>
    </ClCompile>
    <ClCompile Include="Engine\Scene\SceneManager.cpp">
      <Filter>ソース ファイル\Scene</Filter>
    </ClCompile>
    <ClCompile Include="Engine\GameEngine.cpp">
      <Filter>ソース ファイル</Filter>
    </ClCompile>
    <ClCompile Include="Engine\Components\CameraComponent.cpp">
      <Filter>ソース ファイル\Components</Filter>
    </ClCompile>
    <ClCompile Include="Engine\ThirdParty\imgui_impl_dx11.cpp">
      <Filter>ソース ファイル\ThirdParty</Filter>
    </ClCompile>
    <ClCompile Include="Engine\ThirdParty\ImGui\imgui.cpp">
      <Filter>ソース ファイル\ThirdParty\ImGui</Filter>
    </ClCompile>
    <ClCompile Include="Engine\ThirdParty\ImGui\imgui_demo.cpp">
      <Filter>ソース ファイル\ThirdParty\ImGui</Filter>
    </ClCompile>
    <ClCompile Include="Engine\ThirdParty\ImGui\imgui_draw.cpp">
      <Filter>ソース ファイル\ThirdParty\ImGui</Filter>
    </ClCompile>
    <ClCompile Include="Engine\ThirdParty\imgui_impl_win32.cpp">
      <Filter>ソース ファイル\ThirdParty</Filter>
    </ClCompile>
    <ClCompile Include="Engine\Renderer\Deferredbuffers.cpp">
      <Filter>ソース ファイル\Renderer</Filter>
    </ClCompile>
    <ClCompile Include="Engine\Components\DirectionalLightComponent.cpp">
      <Filter>ソース ファイル\Components</Filter>
    </ClCompile>
    <ClCompile Include="Engine\Components\LightComponent.cpp">
      <Filter>ソース ファイル\Components</Filter>
    </ClCompile>
    <ClCompile Include="Engine\Renderer\Light\DirectionalLight.cpp">
      <Filter>ソース ファイル\Renderer\Light</Filter>
    </ClCompile>
    <ClCompile Include="Engine\Renderer\Light\Light.cpp">
      <Filter>ソース ファイル\Renderer\Light</Filter>
    </ClCompile>
    <ClCompile Include="Engine\Actor\DirectionalLightActor.cpp">
      <Filter>ソース ファイル\Actor</Filter>
    </ClCompile>
    <ClCompile Include="Engine\Renderer\OrthoScreen.cpp">
      <Filter>ソース ファイル\Renderer</Filter>
    </ClCompile>
    <ClCompile Include="Engine\Renderer\Light\SkyLight.cpp">
      <Filter>ソース ファイル\Renderer\Light</Filter>
    </ClCompile>
    <ClCompile Include="Engine\Components\SkyLightComponent.cpp">
      <Filter>ソース ファイル\Components</Filter>
    </ClCompile>
    <ClCompile Include="Engine\Renderer\Light\PointLight.cpp">
      <Filter>ソース ファイル\Renderer\Light</Filter>
    </ClCompile>
    <ClCompile Include="Engine\Components\PointLightComponent.cpp">
      <Filter>ソース ファイル\Components</Filter>
    </ClCompile>
    <ClCompile Include="Engine\Actor\PointLightActor.cpp">
      <Filter>ソース ファイル\Actor</Filter>
    </ClCompile>
    <ClCompile Include="Engine\Renderer\Light\SpotLight.cpp">
      <Filter>ソース ファイル\Renderer\Light</Filter>
    </ClCompile>
    <ClCompile Include="Engine\Components\SpotLightComponent.cpp">
      <Filter>ソース ファイル\Components</Filter>
    </ClCompile>
    <ClCompile Include="Engine\Actor\SpotLightActor.cpp">
      <Filter>ソース ファイル\Actor</Filter>
    </ClCompile>
    <ClCompile Include="Engine\Renderer\ImguiWindow.cpp">
      <Filter>ソース ファイル\Renderer</Filter>
    </ClCompile>
    <ClCompile Include="Engine\Renderer\Mesh\DebugGeometry.cpp">
      <Filter>ソース ファイル\Renderer\Mesh</Filter>
    </ClCompile>
    <ClCompile Include="Engine\Collider\AABB.cpp">
      <Filter>ソース ファイル\Collider</Filter>
    </ClCompile>
    <ClCompile Include="Engine\Components\StaticInstanceMeshComponent.cpp">
      <Filter>ソース ファイル\Components</Filter>
    </ClCompile>
    <ClCompile Include="Engine\Renderer\Mesh\StaticInstanceMesh.cpp">
      <Filter>ソース ファイル\Renderer\Mesh</Filter>
    </ClCompile>
    <ClCompile Include="Engine\Renderer\StaticInstancedMeshRenderer.cpp">
      <Filter>ソース ファイル\Renderer</Filter>
    </ClCompile>
    <ClCompile Include="Engine\Actor\StaticInstanceMeshActor.cpp">
      <Filter>ソース ファイル\Actor</Filter>
    </ClCompile>
  </ItemGroup>
  <ItemGroup>
    <ClInclude Include="Engine\Util\ComPtr.h">
      <Filter>ヘッダー ファイル\Util</Filter>
    </ClInclude>
    <ClInclude Include="Engine\Util\Input.h">
      <Filter>ヘッダー ファイル\Util</Filter>
    </ClInclude>
    <ClInclude Include="Engine\Util\RefPtr.h">
      <Filter>ヘッダー ファイル\Util</Filter>
    </ClInclude>
    <ClInclude Include="Engine\Util\Singleton.h">
      <Filter>ヘッダー ファイル\Util</Filter>
    </ClInclude>
    <ClInclude Include="Engine\Renderer\DrawSettings.h">
      <Filter>ヘッダー ファイル\Renderer</Filter>
    </ClInclude>
    <ClInclude Include="Engine\Renderer\GameRenderer.h">
      <Filter>ヘッダー ファイル\Renderer</Filter>
    </ClInclude>
    <ClInclude Include="Engine\Renderer\GraphicsResourceManager.h">
      <Filter>ヘッダー ファイル\Renderer</Filter>
    </ClInclude>
    <ClInclude Include="Engine\Renderer\RenderableEntity.h">
      <Filter>ヘッダー ファイル\Renderer</Filter>
    </ClInclude>
    <ClInclude Include="Engine\Renderer\RenderableObject.h">
      <Filter>ヘッダー ファイル\Renderer</Filter>
    </ClInclude>
    <ClInclude Include="Engine\Renderer\RendererSettings.h">
      <Filter>ヘッダー ファイル\Renderer</Filter>
    </ClInclude>
    <ClInclude Include="Engine\Renderer\RendererUtil.h">
      <Filter>ヘッダー ファイル\Renderer</Filter>
    </ClInclude>
    <ClInclude Include="Engine\Renderer\SceneRendererManager.h">
      <Filter>ヘッダー ファイル\Renderer</Filter>
    </ClInclude>
    <ClInclude Include="Engine\Renderer\Mesh\Mesh.h">
      <Filter>ヘッダー ファイル\Renderer\Mesh</Filter>
    </ClInclude>
    <ClInclude Include="Engine\Renderer\Mesh\SkeletalMesh.h">
      <Filter>ヘッダー ファイル\Renderer\Mesh</Filter>
    </ClInclude>
    <ClInclude Include="Engine\Renderer\Mesh\Skeleton.h">
      <Filter>ヘッダー ファイル\Renderer\Mesh</Filter>
    </ClInclude>
    <ClInclude Include="Engine\Renderer\Mesh\StaticMesh.h">
      <Filter>ヘッダー ファイル\Renderer\Mesh</Filter>
    </ClInclude>
    <ClInclude Include="Engine\Loader\BinaryLoader.h">
      <Filter>ヘッダー ファイル\Loader</Filter>
    </ClInclude>
    <ClInclude Include="Engine\Loader\MeshLoader.h">
      <Filter>ヘッダー ファイル\Loader</Filter>
    </ClInclude>
    <ClInclude Include="Engine\Components\AnimationControllerComponenth.h">
      <Filter>ヘッダー ファイル\Components</Filter>
    </ClInclude>
    <ClInclude Include="Engine\Components\Component.h">
      <Filter>ヘッダー ファイル\Components</Filter>
    </ClInclude>
    <ClInclude Include="Engine\Components\SkeletalMeshComponent.h">
      <Filter>ヘッダー ファイル\Components</Filter>
    </ClInclude>
    <ClInclude Include="Engine\Components\StaticMeshComponent.h">
      <Filter>ヘッダー ファイル\Components</Filter>
    </ClInclude>
    <ClInclude Include="Engine\Animation\AnimationController.h">
      <Filter>ヘッダー ファイル\Animation</Filter>
    </ClInclude>
    <ClInclude Include="Engine\Animation\AnimationManager.h">
      <Filter>ヘッダー ファイル\Animation</Filter>
    </ClInclude>
    <ClInclude Include="Engine\Animation\SkeltalAnimation.h">
      <Filter>ヘッダー ファイル\Animation</Filter>
    </ClInclude>
    <ClInclude Include="Engine\Actor\Actor.h">
      <Filter>ヘッダー ファイル\Actor</Filter>
    </ClInclude>
    <ClInclude Include="Engine\Actor\SkeletalMeshActor.h">
      <Filter>ヘッダー ファイル\Actor</Filter>
    </ClInclude>
    <ClInclude Include="Engine\Actor\SkyboxActor.h">
      <Filter>ヘッダー ファイル\Actor</Filter>
    </ClInclude>
    <ClInclude Include="Engine\Actor\StaticMeshActor.h">
      <Filter>ヘッダー ファイル\Actor</Filter>
    </ClInclude>
    <ClInclude Include="Engine\Scene\Scene.h">
      <Filter>ヘッダー ファイル\Scene</Filter>
    </ClInclude>
    <ClInclude Include="Engine\Scene\SceneManager.h">
      <Filter>ヘッダー ファイル\Scene</Filter>
    </ClInclude>
    <ClInclude Include="Engine\Task\GameTask.h">
      <Filter>ヘッダー ファイル\Task</Filter>
    </ClInclude>
    <ClInclude Include="Engine\Task\GameTaskManager.h">
      <Filter>ヘッダー ファイル\Task</Filter>
    </ClInclude>
    <ClInclude Include="Engine\GameEngine.h">
      <Filter>ヘッダー ファイル</Filter>
    </ClInclude>
    <ClInclude Include="Engine\Util\Type.h">
      <Filter>ヘッダー ファイル\Util</Filter>
    </ClInclude>
    <ClInclude Include="Engine\Components\CameraComponent.h">
      <Filter>ヘッダー ファイル\Components</Filter>
    </ClInclude>
    <ClInclude Include="Engine\ThirdParty\imgui_impl_dx11.h">
      <Filter>ヘッダー ファイル\ThirdParty</Filter>
    </ClInclude>
    <ClInclude Include="Engine\ThirdParty\ImGui\imconfig.h">
      <Filter>ヘッダー ファイル\ThirdParty\ImGui</Filter>
    </ClInclude>
    <ClInclude Include="Engine\ThirdParty\ImGui\imgui.h">
      <Filter>ヘッダー ファイル\ThirdParty\ImGui</Filter>
    </ClInclude>
    <ClInclude Include="Engine\ThirdParty\ImGui\imgui_internal.h">
      <Filter>ヘッダー ファイル\ThirdParty\ImGui</Filter>
    </ClInclude>
    <ClInclude Include="Engine\ThirdParty\ImGui\stb_rect_pack.h">
      <Filter>ヘッダー ファイル\ThirdParty\ImGui</Filter>
    </ClInclude>
    <ClInclude Include="Engine\ThirdParty\ImGui\stb_textedit.h">
      <Filter>ヘッダー ファイル\ThirdParty\ImGui</Filter>
    </ClInclude>
    <ClInclude Include="Engine\ThirdParty\ImGui\stb_truetype.h">
      <Filter>ヘッダー ファイル\ThirdParty\ImGui</Filter>
    </ClInclude>
    <ClInclude Include="Engine\ThirdParty\imgui_impl_win32.h">
      <Filter>ヘッダー ファイル\ThirdParty</Filter>
    </ClInclude>
    <ClInclude Include="Engine\Renderer\ImguiWindow.h">
      <Filter>ヘッダー ファイル\Renderer</Filter>
    </ClInclude>
    <ClInclude Include="Engine\Renderer\Deferredbuffers.h">
      <Filter>ヘッダー ファイル\Renderer</Filter>
    </ClInclude>
    <ClInclude Include="resource.h">
      <Filter>ヘッダー ファイル</Filter>
    </ClInclude>
    <ClInclude Include="Engine\Components\DirectionalLightComponent.h">
      <Filter>ヘッダー ファイル\Components</Filter>
    </ClInclude>
    <ClInclude Include="Engine\Components\LightComponent.h">
      <Filter>ヘッダー ファイル\Components</Filter>
    </ClInclude>
    <ClInclude Include="Engine\Renderer\Light\DirectionalLight.h">
      <Filter>ヘッダー ファイル\Renderer\Light</Filter>
    </ClInclude>
    <ClInclude Include="Engine\Renderer\Light\Light.h">
      <Filter>ヘッダー ファイル\Renderer\Light</Filter>
    </ClInclude>
    <ClInclude Include="Engine\Renderer\LightEntity.h">
      <Filter>ヘッダー ファイル\Renderer</Filter>
    </ClInclude>
    <ClInclude Include="Engine\Actor\DirectionalLightActor.h">
      <Filter>ヘッダー ファイル\Actor</Filter>
    </ClInclude>
    <ClInclude Include="Engine\Renderer\OrthoScreen.h">
      <Filter>ヘッダー ファイル\Renderer</Filter>
    </ClInclude>
    <ClInclude Include="Engine\Renderer\Light\SkyLight.h">
      <Filter>ヘッダー ファイル\Renderer\Light</Filter>
    </ClInclude>
    <ClInclude Include="Engine\Components\SkyLightComponent.h">
      <Filter>ヘッダー ファイル\Components</Filter>
    </ClInclude>
    <ClInclude Include="Engine\Renderer\Light\PointLight.h">
      <Filter>ヘッダー ファイル\Renderer\Light</Filter>
    </ClInclude>
    <ClInclude Include="Engine\Components\PointLightComponent.h">
      <Filter>ヘッダー ファイル\Components</Filter>
    </ClInclude>
    <ClInclude Include="Engine\Actor\PointLightActor.h">
      <Filter>ヘッダー ファイル\Actor</Filter>
    </ClInclude>
    <ClInclude Include="Engine\Renderer\Light\SpotLight.h">
      <Filter>ヘッダー ファイル\Renderer\Light</Filter>
    </ClInclude>
    <ClInclude Include="Engine\Components\SpotLightComponent.h">
      <Filter>ヘッダー ファイル\Components</Filter>
    </ClInclude>
    <ClInclude Include="Engine\Actor\SpotLightActor.h">
      <Filter>ヘッダー ファイル\Actor</Filter>
    </ClInclude>
    <ClInclude Include="Engine\Renderer\Mesh\DebugGeometry.h">
      <Filter>ヘッダー ファイル\Renderer\Mesh</Filter>
    </ClInclude>
    <ClInclude Include="Engine\Collider\AABB.h">
      <Filter>ヘッダー ファイル\Collider</Filter>
    </ClInclude>
    <ClInclude Include="Engine\Renderer\StaticInstancedMeshRenderer.h">
      <Filter>ヘッダー ファイル\Renderer</Filter>
    </ClInclude>
    <ClInclude Include="Engine\Components\StaticInstanceMeshComponent.h">
      <Filter>ヘッダー ファイル\Components</Filter>
    </ClInclude>
    <ClInclude Include="Engine\Renderer\Mesh\StaticInstanceMesh.h">
      <Filter>ヘッダー ファイル\Renderer\Mesh</Filter>
    </ClInclude>
    <ClInclude Include="Engine\Actor\StaticInstanceMeshActor.h">
      <Filter>ヘッダー ファイル\Actor</Filter>
    </ClInclude>
  </ItemGroup>
  <ItemGroup>
    <None Include="Shader\Source\Include\PhysicallyBasedRendering.hlsl">
      <Filter>リソース ファイル</Filter>
    </None>
    <None Include="Shader\Source\Include\DeferredLight.hlsl">
      <Filter>リソース ファイル</Filter>
    </None>
  </ItemGroup>
</Project>